
Microsoft Visual Studio Solution File, Format Version 12.00
# Visual Studio Version 17
VisualStudioVersion = 17.9.34616.47
MinimumVisualStudioVersion = 10.0.40219.1
Project("{FAE04EC0-301F-11D3-BF4B-00C04F79EFBC}") = "BetterControllerSupport", "BetterControllerSupport\BetterControllerSupport.csproj", "{0547D47B-28C5-466F-B601-98053CAB5D09}"
EndProject
Global
	GlobalSection(SolutionConfigurationPlatforms) = preSolution
		Debug|Any CPU = Debug|Any CPU
		Release|Any CPU = Release|Any CPU
	EndGlobalSection
	GlobalSection(ProjectConfigurationPlatforms) = postSolution
		{0547D47B-28C5-466F-B601-98053CAB5D09}.Debug|Any CPU.ActiveCfg = Debug|Any CPU
		{0547D47B-28C5-466F-B601-98053CAB5D09}.Debug|Any CPU.Build.0 = Debug|Any CPU
		{0547D47B-28C5-466F-B601-98053CAB5D09}.Release|Any CPU.ActiveCfg = Release|Any CPU
		{0547D47B-28C5-466F-B601-98053CAB5D09}.Release|Any CPU.Build.0 = Release|Any CPU
	EndGlobalSection
	GlobalSection(SolutionProperties) = preSolution
		HideSolutionNode = FALSE
	EndGlobalSection
	GlobalSection(ExtensibilityGlobals) = postSolution
		SolutionGuid = {9E34892E-DAE5-4113-9E6B-C6327FCD3DB7}
	EndGlobalSection
EndGlobal
